
Microsoft Visual Studio Solution File, Format Version 12.00
# Visual Studio 15
VisualStudioVersion = 15.0.27703.2000
MinimumVisualStudioVersion = 10.0.40219.1
Project("{FAE04EC0-301F-11D3-BF4B-00C04F79EFBC}") = "01_LINQ", "01_LINQ\01_LINQ.csproj", "{FA5683F3-4E87-48BD-A041-4E1537EFF5AB}"
EndProject
Project("{FAE04EC0-301F-11D3-BF4B-00C04F79EFBC}") = "02_LINQ", "02_LINQ\02_LINQ.csproj", "{2D957FBE-E4A9-45C7-A6A1-CF28D14B70BE}"
EndProject
Project("{FAE04EC0-301F-11D3-BF4B-00C04F79EFBC}") = "03_LINQ_OBJETO", "03_LINQ_OBJETO\03_LINQ_OBJETO.csproj", "{12654F13-DA77-4699-B212-B95B9AC922A2}"
EndProject
Project("{FAE04EC0-301F-11D3-BF4B-00C04F79EFBC}") = "04_LINQ_JOIN", "04_LINQ_JOIN\04_LINQ_JOIN.csproj", "{7A039645-8830-446A-92B0-4FA3A3209B5E}"
EndProject
Project("{FAE04EC0-301F-11D3-BF4B-00C04F79EFBC}") = "05_LINQ_Group", "05_LINQ_Group\05_LINQ_Group.csproj", "{3E4C665C-E049-421D-A986-AAB32FFC1B1D}"
EndProject
Global
	GlobalSection(SolutionConfigurationPlatforms) = preSolution
		Debug|Any CPU = Debug|Any CPU
		Release|Any CPU = Release|Any CPU
	EndGlobalSection
	GlobalSection(ProjectConfigurationPlatforms) = postSolution
		{FA5683F3-4E87-48BD-A041-4E1537EFF5AB}.Debug|Any CPU.ActiveCfg = Debug|Any CPU
		{FA5683F3-4E87-48BD-A041-4E1537EFF5AB}.Debug|Any CPU.Build.0 = Debug|Any CPU
		{FA5683F3-4E87-48BD-A041-4E1537EFF5AB}.Release|Any CPU.ActiveCfg = Release|Any CPU
		{FA5683F3-4E87-48BD-A041-4E1537EFF5AB}.Release|Any CPU.Build.0 = Release|Any CPU
		{2D957FBE-E4A9-45C7-A6A1-CF28D14B70BE}.Debug|Any CPU.ActiveCfg = Debug|Any CPU
		{2D957FBE-E4A9-45C7-A6A1-CF28D14B70BE}.Debug|Any CPU.Build.0 = Debug|Any CPU
		{2D957FBE-E4A9-45C7-A6A1-CF28D14B70BE}.Release|Any CPU.ActiveCfg = Release|Any CPU
		{2D957FBE-E4A9-45C7-A6A1-CF28D14B70BE}.Release|Any CPU.Build.0 = Release|Any CPU
		{12654F13-DA77-4699-B212-B95B9AC922A2}.Debug|Any CPU.ActiveCfg = Debug|Any CPU
		{12654F13-DA77-4699-B212-B95B9AC922A2}.Debug|Any CPU.Build.0 = Debug|Any CPU
		{12654F13-DA77-4699-B212-B95B9AC922A2}.Release|Any CPU.ActiveCfg = Release|Any CPU
		{12654F13-DA77-4699-B212-B95B9AC922A2}.Release|Any CPU.Build.0 = Release|Any CPU
		{7A039645-8830-446A-92B0-4FA3A3209B5E}.Debug|Any CPU.ActiveCfg = Debug|Any CPU
		{7A039645-8830-446A-92B0-4FA3A3209B5E}.Debug|Any CPU.Build.0 = Debug|Any CPU
		{7A039645-8830-446A-92B0-4FA3A3209B5E}.Release|Any CPU.ActiveCfg = Release|Any CPU
		{7A039645-8830-446A-92B0-4FA3A3209B5E}.Release|Any CPU.Build.0 = Release|Any CPU
		{3E4C665C-E049-421D-A986-AAB32FFC1B1D}.Debug|Any CPU.ActiveCfg = Debug|Any CPU
		{3E4C665C-E049-421D-A986-AAB32FFC1B1D}.Debug|Any CPU.Build.0 = Debug|Any CPU
		{3E4C665C-E049-421D-A986-AAB32FFC1B1D}.Release|Any CPU.ActiveCfg = Release|Any CPU
		{3E4C665C-E049-421D-A986-AAB32FFC1B1D}.Release|Any CPU.Build.0 = Release|Any CPU
	EndGlobalSection
	GlobalSection(SolutionProperties) = preSolution
		HideSolutionNode = FALSE
	EndGlobalSection
	GlobalSection(ExtensibilityGlobals) = postSolution
		SolutionGuid = {4624F3BE-6526-4CD1-BF59-DE4AECF58613}
	EndGlobalSection
EndGlobal
